
Microsoft Visual Studio Solution File, Format Version 12.00
# Visual Studio Version 16
VisualStudioVersion = 16.0.29926.136
MinimumVisualStudioVersion = 10.0.40219.1
Project("{FAE04EC0-301F-11D3-BF4B-00C04F79EFBC}") = "Stats-Helper", "Stats-Helper\Stats-Helper.csproj", "{0C968D8C-FBF9-45BB-89BA-D04E467102A4}"
EndProject
Global
	GlobalSection(SolutionConfigurationPlatforms) = preSolution
		Debug|Any CPU = Debug|Any CPU
		Release|Any CPU = Release|Any CPU
	EndGlobalSection
	GlobalSection(ProjectConfigurationPlatforms) = postSolution
		{0C968D8C-FBF9-45BB-89BA-D04E467102A4}.Debug|Any CPU.ActiveCfg = Debug|Any CPU
		{0C968D8C-FBF9-45BB-89BA-D04E467102A4}.Debug|Any CPU.Build.0 = Debug|Any CPU
		{0C968D8C-FBF9-45BB-89BA-D04E467102A4}.Release|Any CPU.ActiveCfg = Release|Any CPU
		{0C968D8C-FBF9-45BB-89BA-D04E467102A4}.Release|Any CPU.Build.0 = Release|Any CPU
	EndGlobalSection
	GlobalSection(SolutionProperties) = preSolution
		HideSolutionNode = FALSE
	EndGlobalSection
	GlobalSection(ExtensibilityGlobals) = postSolution
		SolutionGuid = {D9F81FC7-08A1-438B-87CB-A3756A4222B1}
	EndGlobalSection
EndGlobal
